// !$*UTF8*$!
{
	archiveVersion = 1;
	classes = {
	};
	objectVersion = 56;
	objects = {

/* Begin PBXBuildFile section */
		473A91F22900F50B00591985 /* UI_774App.swift in Sources */ = {isa = PBXBuildFile; fileRef = 473A91F12900F50B00591985 /* UI_774App.swift */; };
		473A91F42900F50B00591985 /* ContentView.swift in Sources */ = {isa = PBXBuildFile; fileRef = 473A91F32900F50B00591985 /* ContentView.swift */; };
		473A91F62900F50D00591985 /* Assets.xcassets in Resources */ = {isa = PBXBuildFile; fileRef = 473A91F52900F50D00591985 /* Assets.xcassets */; };
		473A91F92900F50D00591985 /* Preview Assets.xcassets in Resources */ = {isa = PBXBuildFile; fileRef = 473A91F82900F50D00591985 /* Preview Assets.xcassets */; };
		473A92032900F50D00591985 /* UI_774Tests.swift in Sources */ = {isa = PBXBuildFile; fileRef = 473A92022900F50D00591985 /* UI_774Tests.swift */; };
		473A920D2900F50D00591985 /* UI_774UITests.swift in Sources */ = {isa = PBXBuildFile; fileRef = 473A920C2900F50D00591985 /* UI_774UITests.swift */; };
		473A920F2900F50D00591985 /* UI_774UITestsLaunchTests.swift in Sources */ = {isa = PBXBuildFile; fileRef = 473A920E2900F50D00591985 /* UI_774UITestsLaunchTests.swift */; };
		473A921D2900F51B00591985 /* Home.swift in Sources */ = {isa = PBXBuildFile; fileRef = 473A921C2900F51B00591985 /* Home.swift */; };
		473A92202900F53100591985 /* Character.swift in Sources */ = {isa = PBXBuildFile; fileRef = 473A921F2900F53100591985 /* Character.swift */; };
/* End PBXBuildFile section */

/* Begin PBXContainerItemProxy section */
		473A91FF2900F50D00591985 /* PBXContainerItemProxy */ = {
			isa = PBXContainerItemProxy;
			containerPortal = 473A91E62900F50B00591985 /* Project object */;
			proxyType = 1;
			remoteGlobalIDString = 473A91ED2900F50B00591985;
			remoteInfo = "UI-774";
		};
		473A92092900F50D00591985 /* PBXContainerItemProxy */ = {
			isa = PBXContainerItemProxy;
			containerPortal = 473A91E62900F50B00591985 /* Project object */;
			proxyType = 1;
			remoteGlobalIDString = 473A91ED2900F50B00591985;
			remoteInfo = "UI-774";
		};
/* End PBXContainerItemProxy section */

/* Begin PBXFileReference section */
		473A91EE2900F50B00591985 /* UI-774.app */ = {isa = PBXFileReference; explicitFileType = wrapper.application; includeInIndex = 0; path = "UI-774.app"; sourceTree = BUILT_PRODUCTS_DIR; };
		473A91F12900F50B00591985 /* UI_774App.swift */ = {isa = PBXFileReference; lastKnownFileType = sourcecode.swift; path = UI_774App.swift; sourceTree = "<group>"; };
		473A91F32900F50B00591985 /* ContentView.swift */ = {isa = PBXFileReference; lastKnownFileType = sourcecode.swift; path = ContentView.swift; sourceTree = "<group>"; };
		473A91F52900F50D00591985 /* Assets.xcassets */ = {isa = PBXFileReference; lastKnownFileType = folder.assetcatalog; path = Assets.xcassets; sourceTree = "<group>"; };
		473A91F82900F50D00591985 /* Preview Assets.xcassets */ = {isa = PBXFileReference; lastKnownFileType = folder.assetcatalog; path = "Preview Assets.xcassets"; sourceTree = "<group>"; };
		473A91FE2900F50D00591985 /* UI-774Tests.xctest */ = {isa = PBXFileReference; explicitFileType = wrapper.cfbundle; includeInIndex = 0; path = "UI-774Tests.xctest"; sourceTree = BUILT_PRODUCTS_DIR; };
		473A92022900F50D00591985 /* UI_774Tests.swift */ = {isa = PBXFileReference; lastKnownFileType = sourcecode.swift; path = UI_774Tests.swift; sourceTree = "<group>"; };
		473A92082900F50D00591985 /* UI-774UITests.xctest */ = {isa = PBXFileReference; explicitFileType = wrapper.cfbundle; includeInIndex = 0; path = "UI-774UITests.xctest"; sourceTree = BUILT_PRODUCTS_DIR; };
		473A920C2900F50D00591985 /* UI_774UITests.swift */ = {isa = PBXFileReference; lastKnownFileType = sourcecode.swift; path = UI_774UITests.swift; sourceTree = "<group>"; };
		473A920E2900F50D00591985 /* UI_774UITestsLaunchTests.swift */ = {isa = PBXFileReference; lastKnownFileType = sourcecode.swift; path = UI_774UITestsLaunchTests.swift; sourceTree = "<group>"; };
		473A921C2900F51B00591985 /* Home.swift */ = {isa = PBXFileReference; lastKnownFileType = sourcecode.swift; path = Home.swift; sourceTree = "<group>"; };
		473A921F2900F53100591985 /* Character.swift */ = {isa = PBXFileReference; lastKnownFileType = sourcecode.swift; path = Character.swift; sourceTree = "<group>"; };
/* End PBXFileReference section */

/* Begin PBXFrameworksBuildPhase section */
		473A91EB2900F50B00591985 /* Frameworks */ = {
			isa = PBXFrameworksBuildPhase;
			buildActionMask = 2147483647;
			files = (
			);
			runOnlyForDeploymentPostprocessing = 0;
		};
		473A91FB2900F50D00591985 /* Frameworks */ = {
			isa = PBXFrameworksBuildPhase;
			buildActionMask = 2147483647;
			files = (
			);
			runOnlyForDeploymentPostprocessing = 0;
		};
		473A92052900F50D00591985 /* Frameworks */ = {
			isa = PBXFrameworksBuildPhase;
			buildActionMask = 2147483647;
			files = (
			);
			runOnlyForDeploymentPostprocessing = 0;
		};
/* End PBXFrameworksBuildPhase section */

/* Begin PBXGroup section */
		473A91E52900F50B00591985 = {
			isa = PBXGroup;
			children = (
				473A91F02900F50B00591985 /* UI-774 */,
				473A92012900F50D00591985 /* UI-774Tests */,
				473A920B2900F50D00591985 /* UI-774UITests */,
				473A91EF2900F50B00591985 /* Products */,
			);
			sourceTree = "<group>";
		};
		473A91EF2900F50B00591985 /* Products */ = {
			isa = PBXGroup;
			children = (
				473A91EE2900F50B00591985 /* UI-774.app */,
				473A91FE2900F50D00591985 /* UI-774Tests.xctest */,
				473A92082900F50D00591985 /* UI-774UITests.xctest */,
			);
			name = Products;
			sourceTree = "<group>";
		};
		473A91F02900F50B00591985 /* UI-774 */ = {
			isa = PBXGroup;
			children = (
				473A921E2900F52A00591985 /* Model */,
				473A921B2900F51700591985 /* View */,
				473A91F12900F50B00591985 /* UI_774App.swift */,
				473A91F32900F50B00591985 /* ContentView.swift */,
				473A91F52900F50D00591985 /* Assets.xcassets */,
				473A91F72900F50D00591985 /* Preview Content */,
			);
			path = "UI-774";
			sourceTree = "<group>";
		};
		473A91F72900F50D00591985 /* Preview Content */ = {
			isa = PBXGroup;
			children = (
				473A91F82900F50D00591985 /* Preview Assets.xcassets */,
			);
			path = "Preview Content";
			sourceTree = "<group>";
		};
		473A92012900F50D00591985 /* UI-774Tests */ = {
			isa = PBXGroup;
			children = (
				473A92022900F50D00591985 /* UI_774Tests.swift */,
			);
			path = "UI-774Tests";
			sourceTree = "<group>";
		};
		473A920B2900F50D00591985 /* UI-774UITests */ = {
			isa = PBXGroup;
			children = (
				473A920C2900F50D00591985 /* UI_774UITests.swift */,
				473A920E2900F50D00591985 /* UI_774UITestsLaunchTests.swift */,
			);
			path = "UI-774UITests";
			sourceTree = "<group>";
		};
		473A921B2900F51700591985 /* View */ = {
			isa = PBXGroup;
			children = (
				473A921C2900F51B00591985 /* Home.swift */,
			);
			path = View;
			sourceTree = "<group>";
		};
		473A921E2900F52A00591985 /* Model */ = {
			isa = PBXGroup;
			children = (
				473A921F2900F53100591985 /* Character.swift */,
			);
			path = Model;
			sourceTree = "<group>";
		};
/* End PBXGroup section */

/* Begin PBXNativeTarget section */
		473A91ED2900F50B00591985 /* UI-774 */ = {
			isa = PBXNativeTarget;
			buildConfigurationList = 473A92122900F50D00591985 /* Build configuration list for PBXNativeTarget "UI-774" */;
			buildPhases = (
				473A91EA2900F50B00591985 /* Sources */,
				473A91EB2900F50B00591985 /* Frameworks */,
				473A91EC2900F50B00591985 /* Resources */,
			);
			buildRules = (
			);
			dependencies = (
			);
			name = "UI-774";
			productName = "UI-774";
			productReference = 473A91EE2900F50B00591985 /* UI-774.app */;
			productType = "com.apple.product-type.application";
		};
		473A91FD2900F50D00591985 /* UI-774Tests */ = {
			isa = PBXNativeTarget;
			buildConfigurationList = 473A92152900F50D00591985 /* Build configuration list for PBXNativeTarget "UI-774Tests" */;
			buildPhases = (
				473A91FA2900F50D00591985 /* Sources */,
				473A91FB2900F50D00591985 /* Frameworks */,
				473A91FC2900F50D00591985 /* Resources */,
			);
			buildRules = (
			);
			dependencies = (
				473A92002900F50D00591985 /* PBXTargetDependency */,
			);
			name = "UI-774Tests";
			productName = "UI-774Tests";
			productReference = 473A91FE2900F50D00591985 /* UI-774Tests.xctest */;
			productType = "com.apple.product-type.bundle.unit-test";
		};
		473A92072900F50D00591985 /* UI-774UITests */ = {
			isa = PBXNativeTarget;
			buildConfigurationList = 473A92182900F50D00591985 /* Build configuration list for PBXNativeTarget "UI-774UITests" */;
			buildPhases = (
				473A92042900F50D00591985 /* Sources */,
				473A92052900F50D00591985 /* Frameworks */,
				473A92062900F50D00591985 /* Resources */,
			);
			buildRules = (
			);
			dependencies = (
				473A920A2900F50D00591985 /* PBXTargetDependency */,
			);
			name = "UI-774UITests";
			productName = "UI-774UITests";
			productReference = 473A92082900F50D00591985 /* UI-774UITests.xctest */;
			productType = "com.apple.product-type.bundle.ui-testing";
		};
/* End PBXNativeTarget section */

/* Begin PBXProject section */
		473A91E62900F50B00591985 /* Project object */ = {
			isa = PBXProject;
			attributes = {
				BuildIndependentTargetsInParallel = 1;
				LastSwiftUpdateCheck = 1410;
				LastUpgradeCheck = 1410;
				TargetAttributes = {
					473A91ED2900F50B00591985 = {
						CreatedOnToolsVersion = 14.1;
					};
					473A91FD2900F50D00591985 = {
						CreatedOnToolsVersion = 14.1;
						TestTargetID = 473A91ED2900F50B00591985;
					};
					473A92072900F50D00591985 = {
						CreatedOnToolsVersion = 14.1;
						TestTargetID = 473A91ED2900F50B00591985;
					};
				};
			};
			buildConfigurationList = 473A91E92900F50B00591985 /* Build configuration list for PBXProject "UI-774" */;
			compatibilityVersion = "Xcode 14.0";
			developmentRegion = en;
			hasScannedForEncodings = 0;
			knownRegions = (
				en,
				Base,
			);
			mainGroup = 473A91E52900F50B00591985;
			productRefGroup = 473A91EF2900F50B00591985 /* Products */;
			projectDirPath = "";
			projectRoot = "";
			targets = (
				473A91ED2900F50B00591985 /* UI-774 */,
				473A91FD2900F50D00591985 /* UI-774Tests */,
				473A92072900F50D00591985 /* UI-774UITests */,
			);
		};
/* End PBXProject section */

/* Begin PBXResourcesBuildPhase section */
		473A91EC2900F50B00591985 /* Resources */ = {
			isa = PBXResourcesBuildPhase;
			buildActionMask = 2147483647;
			files = (
				473A91F92900F50D00591985 /* Preview Assets.xcassets in Resources */,
				473A91F62900F50D00591985 /* Assets.xcassets in Resources */,
			);
			runOnlyForDeploymentPostprocessing = 0;
		};
		473A91FC2900F50D00591985 /* Resources */ = {
			isa = PBXResourcesBuildPhase;
			buildActionMask = 2147483647;
			files = (
			);
			runOnlyForDeploymentPostprocessing = 0;
		};
		473A92062900F50D00591985 /* Resources */ = {
			isa = PBXResourcesBuildPhase;
			buildActionMask = 2147483647;
			files = (
			);
			runOnlyForDeploymentPostprocessing = 0;
		};
/* End PBXResourcesBuildPhase section */

/* Begin PBXSourcesBuildPhase section */
		473A91EA2900F50B00591985 /* Sources */ = {
			isa = PBXSourcesBuildPhase;
			buildActionMask = 2147483647;
			files = (
				473A91F42900F50B00591985 /* ContentView.swift in Sources */,
				473A921D2900F51B00591985 /* Home.swift in Sources */,
				473A91F22900F50B00591985 /* UI_774App.swift in Sources */,
				473A92202900F53100591985 /* Character.swift in Sources */,
			);
			runOnlyForDeploymentPostprocessing = 0;
		};
		473A91FA2900F50D00591985 /* Sources */ = {
			isa = PBXSourcesBuildPhase;
			buildActionMask = 2147483647;
			files = (
				473A92032900F50D00591985 /* UI_774Tests.swift in Sources */,
			);
			runOnlyForDeploymentPostprocessing = 0;
		};
		473A92042900F50D00591985 /* Sources */ = {
			isa = PBXSourcesBuildPhase;
			buildActionMask = 2147483647;
			files = (
				473A920D2900F50D00591985 /* UI_774UITests.swift in Sources */,
				473A920F2900F50D00591985 /* UI_774UITestsLaunchTests.swift in Sources */,
			);
			runOnlyForDeploymentPostprocessing = 0;
		};
/* End PBXSourcesBuildPhase section */

/* Begin PBXTargetDependency section */
		473A92002900F50D00591985 /* PBXTargetDependency */ = {
			isa = PBXTargetDependency;
			target = 473A91ED2900F50B00591985 /* UI-774 */;
			targetProxy = 473A91FF2900F50D00591985 /* PBXContainerItemProxy */;
		};
		473A920A2900F50D00591985 /* PBXTargetDependency */ = {
			isa = PBXTargetDependency;
			target = 473A91ED2900F50B00591985 /* UI-774 */;
			targetProxy = 473A92092900F50D00591985 /* PBXContainerItemProxy */;
		};
/* End PBXTargetDependency section */

/* Begin XCBuildConfiguration section */
		473A92102900F50D00591985 /* Debug */ = {
			isa = XCBuildConfiguration;
			buildSettings = {
				ALWAYS_SEARCH_USER_PATHS = NO;
				CLANG_ANALYZER_NONNULL = YES;
				CLANG_ANALYZER_NUMBER_OBJECT_CONVERSION = YES_AGGRESSIVE;
				CLANG_CXX_LANGUAGE_STANDARD = "gnu++20";
				CLANG_ENABLE_MODULES = YES;
				CLANG_ENABLE_OBJC_ARC = YES;
				CLANG_ENABLE_OBJC_WEAK = YES;
				CLANG_WARN_BLOCK_CAPTURE_AUTORELEASING = YES;
				CLANG_WARN_BOOL_CONVERSION = YES;
				CLANG_WARN_COMMA = YES;
				CLANG_WARN_CONSTANT_CONVERSION = YES;
				CLANG_WARN_DEPRECATED_OBJC_IMPLEMENTATIONS = YES;
				CLANG_WARN_DIRECT_OBJC_ISA_USAGE = YES_ERROR;
				CLANG_WARN_DOCUMENTATION_COMMENTS = YES;
				CLANG_WARN_EMPTY_BODY = YES;
				CLANG_WARN_ENUM_CONVERSION = YES;
				CLANG_WARN_INFINITE_RECURSION = YES;
				CLANG_WARN_INT_CONVERSION = YES;
				CLANG_WARN_NON_LITERAL_NULL_CONVERSION = YES;
				CLANG_WARN_OBJC_IMPLICIT_RETAIN_SELF = YES;
				CLANG_WARN_OBJC_LITERAL_CONVERSION = YES;
				CLANG_WARN_OBJC_ROOT_CLASS = YES_ERROR;
				CLANG_WARN_QUOTED_INCLUDE_IN_FRAMEWORK_HEADER = YES;
				CLANG_WARN_RANGE_LOOP_ANALYSIS = YES;
				CLANG_WARN_STRICT_PROTOTYPES = YES;
				CLANG_WARN_SUSPICIOUS_MOVE = YES;
				CLANG_WARN_UNGUARDED_AVAILABILITY = YES_AGGRESSIVE;
				CLANG_WARN_UNREACHABLE_CODE = YES;
				CLANG_WARN__DUPLICATE_METHOD_MATCH = YES;
				COPY_PHASE_STRIP = NO;
				DEBUG_INFORMATION_FORMAT = dwarf;
				ENABLE_STRICT_OBJC_MSGSEND = YES;
				ENABLE_TESTABILITY = YES;
				GCC_C_LANGUAGE_STANDARD = gnu11;
				GCC_DYNAMIC_NO_PIC = NO;
				GCC_NO_COMMON_BLOCKS = YES;
				GCC_OPTIMIZATION_LEVEL = 0;
				GCC_PREPROCESSOR_DEFINITIONS = (
					"DEBUG=1",
					"$(inherited)",
				);
				GCC_WARN_64_TO_32_BIT_CONVERSION = YES;
				GCC_WARN_ABOUT_RETURN_TYPE = YES_ERROR;
				GCC_WARN_UNDECLARED_SELECTOR = YES;
				GCC_WARN_UNINITIALIZED_AUTOS = YES_AGGRESSIVE;
				GCC_WARN_UNUSED_FUNCTION = YES;
				GCC_WARN_UNUSED_VARIABLE = YES;
				IPHONEOS_DEPLOYMENT_TARGET = 16.1;
				MTL_ENABLE_DEBUG_INFO = INCLUDE_SOURCE;
				MTL_FAST_MATH = YES;
				ONLY_ACTIVE_ARCH = YES;
				SDKROOT = iphoneos;
				SWIFT_ACTIVE_COMPILATION_CONDITIONS = DEBUG;
				SWIFT_OPTIMIZATION_LEVEL = "-Onone";
			};
			name = Debug;
		};
		473A92112900F50D00591985 /* Release */ = {
			isa = XCBuildConfiguration;
			buildSettings = {
				ALWAYS_SEARCH_USER_PATHS = NO;
				CLANG_ANALYZER_NONNULL = YES;
				CLANG_ANALYZER_NUMBER_OBJECT_CONVERSION = YES_AGGRESSIVE;
				CLANG_CXX_LANGUAGE_STANDARD = "gnu++20";
				CLANG_ENABLE_MODULES = YES;
				CLANG_ENABLE_OBJC_ARC = YES;
				CLANG_ENABLE_OBJC_WEAK = YES;
				CLANG_WARN_BLOCK_CAPTURE_AUTORELEASING = YES;
				CLANG_WARN_BOOL_CONVERSION = YES;
				CLANG_WARN_COMMA = YES;
				CLANG_WARN_CONSTANT_CONVERSION = YES;
				CLANG_WARN_DEPRECATED_OBJC_IMPLEMENTATIONS = YES;
				CLANG_WARN_DIRECT_OBJC_ISA_USAGE = YES_ERROR;
				CLANG_WARN_DOCUMENTATION_COMMENTS = YES;
				CLANG_WARN_EMPTY_BODY = YES;
				CLANG_WARN_ENUM_CONVERSION = YES;
				CLANG_WARN_INFINITE_RECURSION = YES;
				CLANG_WARN_INT_CONVERSION = YES;
				CLANG_WARN_NON_LITERAL_NULL_CONVERSION = YES;
				CLANG_WARN_OBJC_IMPLICIT_RETAIN_SELF = YES;
				CLANG_WARN_OBJC_LITERAL_CONVERSION = YES;
				CLANG_WARN_OBJC_ROOT_CLASS = YES_ERROR;
				CLANG_WARN_QUOTED_INCLUDE_IN_FRAMEWORK_HEADER = YES;
				CLANG_WARN_RANGE_LOOP_ANALYSIS = YES;
				CLANG_WARN_STRICT_PROTOTYPES = YES;
				CLANG_WARN_SUSPICIOUS_MOVE = YES;
				CLANG_WARN_UNGUARDED_AVAILABILITY = YES_AGGRESSIVE;
				CLANG_WARN_UNREACHABLE_CODE = YES;
				CLANG_WARN__DUPLICATE_METHOD_MATCH = YES;
				COPY_PHASE_STRIP = NO;
				DEBUG_INFORMATION_FORMAT = "dwarf-with-dsym";
				ENABLE_NS_ASSERTIONS = NO;
				ENABLE_STRICT_OBJC_MSGSEND = YES;
				GCC_C_LANGUAGE_STANDARD = gnu11;
				GCC_NO_COMMON_BLOCKS = YES;
				GCC_WARN_64_TO_32_BIT_CONVERSION = YES;
				GCC_WARN_ABOUT_RETURN_TYPE = YES_ERROR;
				GCC_WARN_UNDECLARED_SELECTOR = YES;
				GCC_WARN_UNINITIALIZED_AUTOS = YES_AGGRESSIVE;
				GCC_WARN_UNUSED_FUNCTION = YES;
				GCC_WARN_UNUSED_VARIABLE = YES;
				IPHONEOS_DEPLOYMENT_TARGET = 16.1;
				MTL_ENABLE_DEBUG_INFO = NO;
				MTL_FAST_MATH = YES;
				SDKROOT = iphoneos;
				SWIFT_COMPILATION_MODE = wholemodule;
				SWIFT_OPTIMIZATION_LEVEL = "-O";
				VALIDATE_PRODUCT = YES;
			};
			name = Release;
		};
		473A92132900F50D00591985 /* Debug */ = {
			isa = XCBuildConfiguration;
			buildSettings = {
				ASSETCATALOG_COMPILER_APPICON_NAME = AppIcon;
				ASSETCATALOG_COMPILER_GLOBAL_ACCENT_COLOR_NAME = AccentColor;
				CODE_SIGN_STYLE = Automatic;
				CURRENT_PROJECT_VERSION = 1;
				DEVELOPMENT_ASSET_PATHS = "\"UI-774/Preview Content\"";
				DEVELOPMENT_TEAM = 8CL4U468K5;
				ENABLE_PREVIEWS = YES;
				GENERATE_INFOPLIST_FILE = YES;
				INFOPLIST_KEY_UIApplicationSceneManifest_Generation = YES;
				INFOPLIST_KEY_UIApplicationSupportsIndirectInputEvents = YES;
				INFOPLIST_KEY_UILaunchScreen_Generation = YES;
				INFOPLIST_KEY_UISupportedInterfaceOrientations_iPad = "UIInterfaceOrientationPortrait UIInterfaceOrientationPortraitUpsideDown UIInterfaceOrientationLandscapeLeft UIInterfaceOrientationLandscapeRight";
				INFOPLIST_KEY_UISupportedInterfaceOrientations_iPhone = "UIInterfaceOrientationPortrait UIInterfaceOrientationLandscapeLeft UIInterfaceOrientationLandscapeRight";
				LD_RUNPATH_SEARCH_PATHS = (
					"$(inherited)",
					"@executable_path/Frameworks",
				);
				MARKETING_VERSION = 1.0;
				PRODUCT_BUNDLE_IDENTIFIER = "com.585.UI-774";
				PRODUCT_NAME = "$(TARGET_NAME)";
				SWIFT_EMIT_LOC_STRINGS = YES;
				SWIFT_VERSION = 5.0;
				TARGETED_DEVICE_FAMILY = "1,2";
			};
			name = Debug;
		};
		473A92142900F50D00591985 /* Release */ = {
			isa = XCBuildConfiguration;
			buildSettings = {
				ASSETCATALOG_COMPILER_APPICON_NAME = AppIcon;
				ASSETCATALOG_COMPILER_GLOBAL_ACCENT_COLOR_NAME = AccentColor;
				CODE_SIGN_STYLE = Automatic;
				CURRENT_PROJECT_VERSION = 1;
				DEVELOPMENT_ASSET_PATHS = "\"UI-774/Preview Content\"";
				DEVELOPMENT_TEAM = 8CL4U468K5;
				ENABLE_PREVIEWS = YES;
				GENERATE_INFOPLIST_FILE = YES;
				INFOPLIST_KEY_UIApplicationSceneManifest_Generation = YES;
				INFOPLIST_KEY_UIApplicationSupportsIndirectInputEvents = YES;
				INFOPLIST_KEY_UILaunchScreen_Generation = YES;
				INFOPLIST_KEY_UISupportedInterfaceOrientations_iPad = "UIInterfaceOrientationPortrait UIInterfaceOrientationPortraitUpsideDown UIInterfaceOrientationLandscapeLeft UIInterfaceOrientationLandscapeRight";
				INFOPLIST_KEY_UISupportedInterfaceOrientations_iPhone = "UIInterfaceOrientationPortrait UIInterfaceOrientationLandscapeLeft UIInterfaceOrientationLandscapeRight";
				LD_RUNPATH_SEARCH_PATHS = (
					"$(inherited)",
					"@executable_path/Frameworks",
				);
				MARKETING_VERSION = 1.0;
				PRODUCT_BUNDLE_IDENTIFIER = "com.585.UI-774";
				PRODUCT_NAME = "$(TARGET_NAME)";
				SWIFT_EMIT_LOC_STRINGS = YES;
				SWIFT_VERSION = 5.0;
				TARGETED_DEVICE_FAMILY = "1,2";
			};
			name = Release;
		};
		473A92162900F50D00591985 /* Debug */ = {
			isa = XCBuildConfiguration;
			buildSettings = {
				ALWAYS_EMBED_SWIFT_STANDARD_LIBRARIES = YES;
				BUNDLE_LOADER = "$(TEST_HOST)";
				CODE_SIGN_STYLE = Automatic;
				CURRENT_PROJECT_VERSION = 1;
				DEVELOPMENT_TEAM = 8CL4U468K5;
				GENERATE_INFOPLIST_FILE = YES;
				IPHONEOS_DEPLOYMENT_TARGET = 16.1;
				MARKETING_VERSION = 1.0;
				PRODUCT_BUNDLE_IDENTIFIER = "com.585.UI-774Tests";
				PRODUCT_NAME = "$(TARGET_NAME)";
				SWIFT_EMIT_LOC_STRINGS = NO;
				SWIFT_VERSION = 5.0;
				TARGETED_DEVICE_FAMILY = "1,2";
				TEST_HOST = "$(BUILT_PRODUCTS_DIR)/UI-774.app/$(BUNDLE_EXECUTABLE_FOLDER_PATH)/UI-774";
			};
			name = Debug;
		};
		473A92172900F50D00591985 /* Release */ = {
			isa = XCBuildConfiguration;
			buildSettings = {
				ALWAYS_EMBED_SWIFT_STANDARD_LIBRARIES = YES;
				BUNDLE_LOADER = "$(TEST_HOST)";
				CODE_SIGN_STYLE = Automatic;
				CURRENT_PROJECT_VERSION = 1;
				DEVELOPMENT_TEAM = 8CL4U468K5;
				GENERATE_INFOPLIST_FILE = YES;
				IPHONEOS_DEPLOYMENT_TARGET = 16.1;
				MARKETING_VERSION = 1.0;
				PRODUCT_BUNDLE_IDENTIFIER = "com.585.UI-774Tests";
				PRODUCT_NAME = "$(TARGET_NAME)";
				SWIFT_EMIT_LOC_STRINGS = NO;
				SWIFT_VERSION = 5.0;
				TARGETED_DEVICE_FAMILY = "1,2";
				TEST_HOST = "$(BUILT_PRODUCTS_DIR)/UI-774.app/$(BUNDLE_EXECUTABLE_FOLDER_PATH)/UI-774";
			};
			name = Release;
		};
		473A92192900F50D00591985 /* Debug */ = {
			isa = XCBuildConfiguration;
			buildSettings = {
				ALWAYS_EMBED_SWIFT_STANDARD_LIBRARIES = YES;
				CODE_SIGN_STYLE = Automatic;
				CURRENT_PROJECT_VERSION = 1;
				DEVELOPMENT_TEAM = 8CL4U468K5;
				GENERATE_INFOPLIST_FILE = YES;
				MARKETING_VERSION = 1.0;
				PRODUCT_BUNDLE_IDENTIFIER = "com.585.UI-774UITests";
				PRODUCT_NAME = "$(TARGET_NAME)";
				SWIFT_EMIT_LOC_STRINGS = NO;
				SWIFT_VERSION = 5.0;
				TARGETED_DEVICE_FAMILY = "1,2";
				TEST_TARGET_NAME = "UI-774";
			};
			name = Debug;
		};
		473A921A2900F50D00591985 /* Release */ = {
			isa = XCBuildConfiguration;
			buildSettings = {
				ALWAYS_EMBED_SWIFT_STANDARD_LIBRARIES = YES;
				CODE_SIGN_STYLE = Automatic;
				CURRENT_PROJECT_VERSION = 1;
				DEVELOPMENT_TEAM = 8CL4U468K5;
				GENERATE_INFOPLIST_FILE = YES;
				MARKETING_VERSION = 1.0;
				PRODUCT_BUNDLE_IDENTIFIER = "com.585.UI-774UITests";
				PRODUCT_NAME = "$(TARGET_NAME)";
				SWIFT_EMIT_LOC_STRINGS = NO;
				SWIFT_VERSION = 5.0;
				TARGETED_DEVICE_FAMILY = "1,2";
				TEST_TARGET_NAME = "UI-774";
			};
			name = Release;
		};
/* End XCBuildConfiguration section */

/* Begin XCConfigurationList section */
		473A91E92900F50B00591985 /* Build configuration list for PBXProject "UI-774" */ = {
			isa = XCConfigurationList;
			buildConfigurations = (
				473A92102900F50D00591985 /* Debug */,
				473A92112900F50D00591985 /* Release */,
			);
			defaultConfigurationIsVisible = 0;
			defaultConfigurationName = Release;
		};
		473A92122900F50D00591985 /* Build configuration list for PBXNativeTarget "UI-774" */ = {
			isa = XCConfigurationList;
			buildConfigurations = (
				473A92132900F50D00591985 /* Debug */,
				473A92142900F50D00591985 /* Release */,
			);
			defaultConfigurationIsVisible = 0;
			defaultConfigurationName = Release;
		};
		473A92152900F50D00591985 /* Build configuration list for PBXNativeTarget "UI-774Tests" */ = {
			isa = XCConfigurationList;
			buildConfigurations = (
				473A92162900F50D00591985 /* Debug */,
				473A92172900F50D00591985 /* Release */,
			);
			defaultConfigurationIsVisible = 0;
			defaultConfigurationName = Release;
		};
		473A92182900F50D00591985 /* Build configuration list for PBXNativeTarget "UI-774UITests" */ = {
			isa = XCConfigurationList;
			buildConfigurations = (
				473A92192900F50D00591985 /* Debug */,
				473A921A2900F50D00591985 /* Release */,
			);
			defaultConfigurationIsVisible = 0;
			defaultConfigurationName = Release;
		};
/* End XCConfigurationList section */
	};
	rootObject = 473A91E62900F50B00591985 /* Project object */;
}
